
Microsoft Visual Studio Solution File, Format Version 12.00
# Visual Studio Version 17
VisualStudioVersion = 17.11.35312.102
MinimumVisualStudioVersion = 10.0.40219.1
Project("{8BC9CEB8-8B4A-11D0-8D11-00A0C91BC942}") = "cpp_exam", "cpp_exam.vcxproj", "{6DE1B378-1C25-4B3E-9AE7-2C3AB823AF7A}"
EndProject
Global
	GlobalSection(SolutionConfigurationPlatforms) = preSolution
		Debug|x64 = Debug|x64
		Debug|x86 = Debug|x86
		Release|x64 = Release|x64
		Release|x86 = Release|x86
	EndGlobalSection
	GlobalSection(ProjectConfigurationPlatforms) = postSolution
		{6DE1B378-1C25-4B3E-9AE7-2C3AB823AF7A}.Debug|x64.ActiveCfg = Debug|x64
		{6DE1B378-1C25-4B3E-9AE7-2C3AB823AF7A}.Debug|x64.Build.0 = Debug|x64
		{6DE1B378-1C25-4B3E-9AE7-2C3AB823AF7A}.Debug|x86.ActiveCfg = Debug|Win32
		{6DE1B378-1C25-4B3E-9AE7-2C3AB823AF7A}.Debug|x86.Build.0 = Debug|Win32
		{6DE1B378-1C25-4B3E-9AE7-2C3AB823AF7A}.Release|x64.ActiveCfg = Release|x64
		{6DE1B378-1C25-4B3E-9AE7-2C3AB823AF7A}.Release|x64.Build.0 = Release|x64
		{6DE1B378-1C25-4B3E-9AE7-2C3AB823AF7A}.Release|x86.ActiveCfg = Release|Win32
		{6DE1B378-1C25-4B3E-9AE7-2C3AB823AF7A}.Release|x86.Build.0 = Release|Win32
	EndGlobalSection
	GlobalSection(SolutionProperties) = preSolution
		HideSolutionNode = FALSE
	EndGlobalSection
	GlobalSection(ExtensibilityGlobals) = postSolution
		SolutionGuid = {5B1E1197-A517-4307-9B66-D15D7C555C80}
	EndGlobalSection
EndGlobal
